# @generated by Move, please check-in and do not edit manually.

[move]
version = 3
manifest_digest = "683FF19F38E27EF136984B5AF0C671478EB3A99FBA33E8818B96AD4312A61E81"
deps_digest = "F8BBB0CCB2491CA29A3DF03D6F92277A4F3574266507ACD77214D37ECA3F3082"
dependencies = [
  { id = "Sui", name = "Sui" },
]

[[move.package]]
id = "MoveStdlib"
source = { git = "https://github.com/MystenLabs/sui.git", rev = "framework/testnet", subdir = "crates/sui-framework/packages/move-stdlib" }

[[move.package]]
id = "Sui"
source = { git = "https://github.com/MystenLabs/sui.git", rev = "framework/testnet", subdir = "crates/sui-framework/packages/sui-framework" }

dependencies = [
  { id = "MoveStdlib", name = "MoveStdlib" },
]

[move.toolchain-version]
compiler-version = "1.60.0"
edition = "2024.beta"
flavor = "sui"

[env]

[env.testnet]
chain-id = "4c78adac"
original-published-id = "0xa220e3bf27fe8c285d1995fdc7d498ebe18650733c8d64ea436db244ab65fb89"
latest-published-id = "0xa220e3bf27fe8c285d1995fdc7d498ebe18650733c8d64ea436db244ab65fb89"
published-version = "1"

[env.localnet]
chain-id = "2f9eb721"
original-published-id = "0x4962934fb27f482c02e979776acabee53192e9230cd1809f965cb1277c019f25"
latest-published-id = "0x4962934fb27f482c02e979776acabee53192e9230cd1809f965cb1277c019f25"
published-version = "1"
